
Microsoft Visual Studio Solution File, Format Version 12.00
Project("{FAE04EC0-301F-11D3-BF4B-00C04F79EFBC}") = "AOC.Solutions", "AOC.Solutions\AOC.Solutions.csproj", "{CC5EC7F0-A66E-4423-980E-EAD3203724BE}"
EndProject
Global
	GlobalSection(SolutionConfigurationPlatforms) = preSolution
		Debug|Any CPU = Debug|Any CPU
		Release|Any CPU = Release|Any CPU
	EndGlobalSection
	GlobalSection(ProjectConfigurationPlatforms) = postSolution
		{CC5EC7F0-A66E-4423-980E-EAD3203724BE}.Debug|Any CPU.ActiveCfg = Debug|Any CPU
		{CC5EC7F0-A66E-4423-980E-EAD3203724BE}.Debug|Any CPU.Build.0 = Debug|Any CPU
		{CC5EC7F0-A66E-4423-980E-EAD3203724BE}.Release|Any CPU.ActiveCfg = Release|Any CPU
		{CC5EC7F0-A66E-4423-980E-EAD3203724BE}.Release|Any CPU.Build.0 = Release|Any CPU
	EndGlobalSection
EndGlobal
